{
  "version": 4,
  "terraform_version": "1.7.5",
  "serial": 63,
  "lineage": "c5898892-9b97-741f-426e-7cca9da8f0f2",
  "outputs": {
    "private_key_pem": {
      "value": "-----BEGIN RSA PRIVATE KEY-----\nMIICWwIBAAKBgQC5qJI8sy2LUD4iUuJ9YHqna7ellPX2/UHHbLpvKjMSClABc7s0\nukx8rMbHzg8oNJh1ThVNHx8fGvTmyTCLO9Wpl0YNlC0yCzz0XBfZTTEJXNEZfNVh\nWn+s41pzJN6LDuPAse3BwVL03lxm/wUbI65QMMvYGR/zu7KDhEeCAPsktwIDAQAB\nAoGAPViVEZeHCgx2q3LFwfXaMW3nXcAt0fH3BUVJCShhfamIrCIojpCsa1nPyP+u\nhHN0mPY3Faed6fJHT+bUsn0P6QyTZ8GaDGjTp+0OMXRmcqVyqwSvhYqP97d+IkbQ\nR2Wclz5QJ83/xl+w0hH6wxShfhbxRpKYvmHZU/NQjYItUZkCQQDipKOfJSSw43yH\nVM99ORkD9BlpfiIcKi18JBd5F/1TXgfqO+VvhhbtBrZbol6awn8yAuDHWocSr4dH\nEEJpdaSLAkEA0bTnbuFrJe5aqI8WaEf1sRjcMT5S+RaFGIdN6T38feVNZ3wR/QsU\nltM6XS2k7xoB3HlXK/Mdovljb3bQ6HSKBQJANM3RBVIdE01dBRbAZNd5uY8UoJxv\njApToJm0ElWBgvvkcjFUSkB+dOjcccsJqZrpEZjUD/5KfBMDPI5QOsva8wJAQzzi\nu52RMl9DOCpwv8zazQawiyV1iyIaWKwBYhia3W7pK5YPWnf0CQv++aNJ79QB5sQN\nHC1eQkP+Ct4oy2+aVQJAIABMRIOyq9cG5yj71pHTzxzIOuCDI7ZsiiMIxQ2sGEl/\nYqU+rqDH9u7q2DYo44dBJzbIuTzngQY469mGpdf/aw==\n-----END RSA PRIVATE KEY-----\n",
      "type": "string",
      "sensitive": true
    },
    "public_key_openssh": {
      "value": "ssh-rsa AAAAB3NzaC1yc2EAAAADAQABAAAAgQC5qJI8sy2LUD4iUuJ9YHqna7ellPX2/UHHbLpvKjMSClABc7s0ukx8rMbHzg8oNJh1ThVNHx8fGvTmyTCLO9Wpl0YNlC0yCzz0XBfZTTEJXNEZfNVhWn+s41pzJN6LDuPAse3BwVL03lxm/wUbI65QMMvYGR/zu7KDhEeCAPsktw==\n",
      "type": "string",
      "sensitive": true
    }
  },
  "resources": [
    {
      "mode": "data",
      "type": "aws_ami",
      "name": "ubuntu",
      "provider": "provider[\"registry.terraform.io/hashicorp/aws\"]",
      "instances": [
        {
          "schema_version": 0,
          "attributes": {
            "architecture": "x86_64",
            "arn": "arn:aws:ec2:us-east-1::image/ami-053053586808c3e70",
            "block_device_mappings": [
              {
                "device_name": "/dev/sda1",
                "ebs": {
                  "delete_on_termination": "true",
                  "encrypted": "false",
                  "iops": "0",
                  "snapshot_id": "snap-0a3ae279bfde575fa",
                  "throughput": "0",
                  "volume_size": "8",
                  "volume_type": "gp2"
                },
                "no_device": "",
                "virtual_name": ""
              },
              {
                "device_name": "/dev/sdb",
                "ebs": {},
                "no_device": "",
                "virtual_name": "ephemeral0"
              },
              {
                "device_name": "/dev/sdc",
                "ebs": {},
                "no_device": "",
                "virtual_name": "ephemeral1"
              }
            ],
            "boot_mode": "uefi-preferred",
            "creation_date": "2024-03-26T03:06:23.000Z",
            "deprecation_time": "2026-03-26T03:06:23.000Z",
            "description": "Canonical, Ubuntu, 22.04 LTS, amd64 jammy image build on 2024-03-26",
            "ena_support": true,
            "executable_users": null,
            "filter": [
              {
                "name": "name",
                "values": [
                  "ubuntu/images/hvm-ssd/ubuntu-jammy-22.04-amd64-server-*"
                ]
              },
              {
                "name": "virtualization-type",
                "values": [
                  "hvm"
                ]
              }
            ],
            "hypervisor": "xen",
            "id": "ami-053053586808c3e70",
            "image_id": "ami-053053586808c3e70",
            "image_location": "amazon/ubuntu/images/hvm-ssd/ubuntu-jammy-22.04-amd64-server-20240326",
            "image_owner_alias": "amazon",
            "image_type": "machine",
            "imds_support": "",
            "include_deprecated": false,
            "kernel_id": "",
            "most_recent": true,
            "name": "ubuntu/images/hvm-ssd/ubuntu-jammy-22.04-amd64-server-20240326",
            "name_regex": null,
            "owner_id": "099720109477",
            "owners": [
              "099720109477"
            ],
            "platform": "",
            "platform_details": "Linux/UNIX",
            "product_codes": [],
            "public": true,
            "ramdisk_id": "",
            "root_device_name": "/dev/sda1",
            "root_device_type": "ebs",
            "root_snapshot_id": "snap-0a3ae279bfde575fa",
            "sriov_net_support": "simple",
            "state": "available",
            "state_reason": {
              "code": "UNSET",
              "message": "UNSET"
            },
            "tags": {},
            "timeouts": null,
            "tpm_support": "",
            "usage_operation": "RunInstances",
            "virtualization_type": "hvm"
          },
          "sensitive_attributes": []
        }
      ]
    },
    {
      "mode": "managed",
      "type": "aws_instance",
      "name": "accounting",
      "provider": "provider[\"registry.terraform.io/hashicorp/aws\"]",
      "instances": [
        {
          "status": "tainted",
          "schema_version": 1,
          "attributes": {
            "ami": "ami-053053586808c3e70",
            "arn": "arn:aws:ec2:us-east-1:066243913450:instance/i-03110181db56d7478",
            "associate_public_ip_address": true,
            "availability_zone": "us-east-1c",
            "capacity_reservation_specification": [
              {
                "capacity_reservation_preference": "open",
                "capacity_reservation_target": []
              }
            ],
            "cpu_core_count": 1,
            "cpu_options": [
              {
                "amd_sev_snp": "",
                "core_count": 1,
                "threads_per_core": 1
              }
            ],
            "cpu_threads_per_core": 1,
            "credit_specification": [
              {
                "cpu_credits": "standard"
              }
            ],
            "disable_api_stop": false,
            "disable_api_termination": false,
            "ebs_block_device": [],
            "ebs_optimized": false,
            "enclave_options": [
              {
                "enabled": false
              }
            ],
            "ephemeral_block_device": [],
            "get_password_data": false,
            "hibernation": false,
            "host_id": "",
            "host_resource_group_arn": null,
            "iam_instance_profile": "",
            "id": "i-03110181db56d7478",
            "instance_initiated_shutdown_behavior": "stop",
            "instance_lifecycle": "",
            "instance_market_options": [],
            "instance_state": "running",
            "instance_type": "t2.micro",
            "ipv6_address_count": 0,
            "ipv6_addresses": [],
            "key_name": "oaken-pair",
            "launch_template": [],
            "maintenance_options": [
              {
                "auto_recovery": "default"
              }
            ],
            "metadata_options": [
              {
                "http_endpoint": "enabled",
                "http_protocol_ipv6": "disabled",
                "http_put_response_hop_limit": 1,
                "http_tokens": "optional",
                "instance_metadata_tags": "disabled"
              }
            ],
            "monitoring": false,
            "network_interface": [],
            "outpost_arn": "",
            "password_data": "",
            "placement_group": "",
            "placement_partition_number": 0,
            "primary_network_interface_id": "eni-0db6ecc95db6ba54a",
            "private_dns": "ip-172-31-86-163.ec2.internal",
            "private_dns_name_options": [
              {
                "enable_resource_name_dns_a_record": false,
                "enable_resource_name_dns_aaaa_record": false,
                "hostname_type": "ip-name"
              }
            ],
            "private_ip": "172.31.86.163",
            "public_dns": "ec2-3-87-189-156.compute-1.amazonaws.com",
            "public_ip": "3.87.189.156",
            "root_block_device": [
              {
                "delete_on_termination": true,
                "device_name": "/dev/sda1",
                "encrypted": false,
                "iops": 100,
                "kms_key_id": "",
                "tags": {},
                "tags_all": {},
                "throughput": 0,
                "volume_id": "vol-0fb14800a6f3c6bce",
                "volume_size": 8,
                "volume_type": "gp2"
              }
            ],
            "secondary_private_ips": [],
            "security_groups": [
              "default_sg"
            ],
            "source_dest_check": true,
            "spot_instance_request_id": "",
            "subnet_id": "subnet-0d9c1d57bcaf39c97",
            "tags": {
              "Environment": "development",
              "Name": "oaken-accounting"
            },
            "tags_all": {
              "Environment": "development",
              "Name": "oaken-accounting"
            },
            "tenancy": "default",
            "timeouts": null,
            "user_data": "7408d0194bf0a6ab2fdf02105799f47c85479383",
            "user_data_base64": null,
            "user_data_replace_on_change": false,
            "volume_tags": null,
            "vpc_security_group_ids": [
              "sg-09a8fc9454ae85273"
            ]
          },
          "sensitive_attributes": [],
          "private": "eyJlMmJmYjczMC1lY2FhLTExZTYtOGY4OC0zNDM2M2JjN2M0YzAiOnsiY3JlYXRlIjo2MDAwMDAwMDAwMDAsImRlbGV0ZSI6MTIwMDAwMDAwMDAwMCwicmVhZCI6OTAwMDAwMDAwMDAwLCJ1cGRhdGUiOjYwMDAwMDAwMDAwMH0sInNjaGVtYV92ZXJzaW9uIjoiMSJ9",
          "dependencies": [
            "aws_security_group.default_sg",
            "data.aws_ami.ubuntu",
            "tls_private_key.oaken-key"
          ]
        }
      ]
    },
    {
      "mode": "managed",
      "type": "aws_instance",
      "name": "api",
      "provider": "provider[\"registry.terraform.io/hashicorp/aws\"]",
      "instances": [
        {
          "status": "tainted",
          "schema_version": 1,
          "attributes": {
            "ami": "ami-053053586808c3e70",
            "arn": "arn:aws:ec2:us-east-1:066243913450:instance/i-092f80d9f9e9e1819",
            "associate_public_ip_address": true,
            "availability_zone": "us-east-1c",
            "capacity_reservation_specification": [
              {
                "capacity_reservation_preference": "open",
                "capacity_reservation_target": []
              }
            ],
            "cpu_core_count": 1,
            "cpu_options": [
              {
                "amd_sev_snp": "",
                "core_count": 1,
                "threads_per_core": 1
              }
            ],
            "cpu_threads_per_core": 1,
            "credit_specification": [
              {
                "cpu_credits": "standard"
              }
            ],
            "disable_api_stop": false,
            "disable_api_termination": false,
            "ebs_block_device": [],
            "ebs_optimized": false,
            "enclave_options": [
              {
                "enabled": false
              }
            ],
            "ephemeral_block_device": [],
            "get_password_data": false,
            "hibernation": false,
            "host_id": "",
            "host_resource_group_arn": null,
            "iam_instance_profile": "",
            "id": "i-092f80d9f9e9e1819",
            "instance_initiated_shutdown_behavior": "stop",
            "instance_lifecycle": "",
            "instance_market_options": [],
            "instance_state": "running",
            "instance_type": "t2.micro",
            "ipv6_address_count": 0,
            "ipv6_addresses": [],
            "key_name": "oaken-pair",
            "launch_template": [],
            "maintenance_options": [
              {
                "auto_recovery": "default"
              }
            ],
            "metadata_options": [
              {
                "http_endpoint": "enabled",
                "http_protocol_ipv6": "disabled",
                "http_put_response_hop_limit": 1,
                "http_tokens": "optional",
                "instance_metadata_tags": "disabled"
              }
            ],
            "monitoring": false,
            "network_interface": [],
            "outpost_arn": "",
            "password_data": "",
            "placement_group": "",
            "placement_partition_number": 0,
            "primary_network_interface_id": "eni-0423c2e0747e937c3",
            "private_dns": "ip-172-31-93-66.ec2.internal",
            "private_dns_name_options": [
              {
                "enable_resource_name_dns_a_record": false,
                "enable_resource_name_dns_aaaa_record": false,
                "hostname_type": "ip-name"
              }
            ],
            "private_ip": "172.31.93.66",
            "public_dns": "ec2-18-212-67-107.compute-1.amazonaws.com",
            "public_ip": "18.212.67.107",
            "root_block_device": [
              {
                "delete_on_termination": true,
                "device_name": "/dev/sda1",
                "encrypted": false,
                "iops": 100,
                "kms_key_id": "",
                "tags": {},
                "tags_all": {},
                "throughput": 0,
                "volume_id": "vol-0476a0628bea38123",
                "volume_size": 8,
                "volume_type": "gp2"
              }
            ],
            "secondary_private_ips": [],
            "security_groups": [
              "default_sg"
            ],
            "source_dest_check": true,
            "spot_instance_request_id": "",
            "subnet_id": "subnet-0d9c1d57bcaf39c97",
            "tags": {
              "Environment": "development",
              "Name": "oaken-mysql-api"
            },
            "tags_all": {
              "Environment": "development",
              "Name": "oaken-mysql-api"
            },
            "tenancy": "default",
            "timeouts": null,
            "user_data": "7408d0194bf0a6ab2fdf02105799f47c85479383",
            "user_data_base64": null,
            "user_data_replace_on_change": false,
            "volume_tags": null,
            "vpc_security_group_ids": [
              "sg-09a8fc9454ae85273"
            ]
          },
          "sensitive_attributes": [],
          "private": "eyJlMmJmYjczMC1lY2FhLTExZTYtOGY4OC0zNDM2M2JjN2M0YzAiOnsiY3JlYXRlIjo2MDAwMDAwMDAwMDAsImRlbGV0ZSI6MTIwMDAwMDAwMDAwMCwicmVhZCI6OTAwMDAwMDAwMDAwLCJ1cGRhdGUiOjYwMDAwMDAwMDAwMH0sInNjaGVtYV92ZXJzaW9uIjoiMSJ9",
          "dependencies": [
            "aws_security_group.default_sg",
            "data.aws_ami.ubuntu",
            "tls_private_key.oaken-key"
          ]
        }
      ]
    },
    {
      "mode": "managed",
      "type": "aws_instance",
      "name": "database",
      "provider": "provider[\"registry.terraform.io/hashicorp/aws\"]",
      "instances": [
        {
          "schema_version": 1,
          "attributes": {
            "ami": "ami-053053586808c3e70",
            "arn": "arn:aws:ec2:us-east-1:066243913450:instance/i-0c8ddbb91fef43757",
            "associate_public_ip_address": true,
            "availability_zone": "us-east-1c",
            "capacity_reservation_specification": [
              {
                "capacity_reservation_preference": "open",
                "capacity_reservation_target": []
              }
            ],
            "cpu_core_count": 1,
            "cpu_options": [
              {
                "amd_sev_snp": "",
                "core_count": 1,
                "threads_per_core": 1
              }
            ],
            "cpu_threads_per_core": 1,
            "credit_specification": [
              {
                "cpu_credits": "standard"
              }
            ],
            "disable_api_stop": false,
            "disable_api_termination": false,
            "ebs_block_device": [],
            "ebs_optimized": false,
            "enclave_options": [
              {
                "enabled": false
              }
            ],
            "ephemeral_block_device": [],
            "get_password_data": false,
            "hibernation": false,
            "host_id": "",
            "host_resource_group_arn": null,
            "iam_instance_profile": "",
            "id": "i-0c8ddbb91fef43757",
            "instance_initiated_shutdown_behavior": "stop",
            "instance_lifecycle": "",
            "instance_market_options": [],
            "instance_state": "running",
            "instance_type": "t2.micro",
            "ipv6_address_count": 0,
            "ipv6_addresses": [],
            "key_name": "oaken-pair",
            "launch_template": [],
            "maintenance_options": [
              {
                "auto_recovery": "default"
              }
            ],
            "metadata_options": [
              {
                "http_endpoint": "enabled",
                "http_protocol_ipv6": "disabled",
                "http_put_response_hop_limit": 1,
                "http_tokens": "optional",
                "instance_metadata_tags": "disabled"
              }
            ],
            "monitoring": false,
            "network_interface": [],
            "outpost_arn": "",
            "password_data": "",
            "placement_group": "",
            "placement_partition_number": 0,
            "primary_network_interface_id": "eni-0583c3e5ce64afe05",
            "private_dns": "ip-172-31-95-158.ec2.internal",
            "private_dns_name_options": [
              {
                "enable_resource_name_dns_a_record": false,
                "enable_resource_name_dns_aaaa_record": false,
                "hostname_type": "ip-name"
              }
            ],
            "private_ip": "172.31.95.158",
            "public_dns": "ec2-18-233-165-196.compute-1.amazonaws.com",
            "public_ip": "18.233.165.196",
            "root_block_device": [
              {
                "delete_on_termination": true,
                "device_name": "/dev/sda1",
                "encrypted": false,
                "iops": 100,
                "kms_key_id": "",
                "tags": {},
                "tags_all": {},
                "throughput": 0,
                "volume_id": "vol-0ed31325f03b6a225",
                "volume_size": 8,
                "volume_type": "gp2"
              }
            ],
            "secondary_private_ips": [],
            "security_groups": [
              "default_sg",
              "rds_sg"
            ],
            "source_dest_check": true,
            "spot_instance_request_id": "",
            "subnet_id": "subnet-0d9c1d57bcaf39c97",
            "tags": {
              "Environment": "development",
              "Name": "oaken-database"
            },
            "tags_all": {
              "Environment": "development",
              "Name": "oaken-database"
            },
            "tenancy": "default",
            "timeouts": null,
            "user_data": "1123b66e4256bf1e9e29c29b0f4ebcd61a29d189",
            "user_data_base64": null,
            "user_data_replace_on_change": false,
            "volume_tags": null,
            "vpc_security_group_ids": [
              "sg-09a8fc9454ae85273",
              "sg-0bbb5cc9b9915072e"
            ]
          },
          "sensitive_attributes": [],
          "private": "eyJlMmJmYjczMC1lY2FhLTExZTYtOGY4OC0zNDM2M2JjN2M0YzAiOnsiY3JlYXRlIjo2MDAwMDAwMDAwMDAsImRlbGV0ZSI6MTIwMDAwMDAwMDAwMCwicmVhZCI6OTAwMDAwMDAwMDAwLCJ1cGRhdGUiOjYwMDAwMDAwMDAwMH0sInNjaGVtYV92ZXJzaW9uIjoiMSJ9",
          "dependencies": [
            "aws_security_group.default_sg",
            "aws_security_group.rds_sg",
            "data.aws_ami.ubuntu"
          ]
        }
      ]
    },
    {
      "mode": "managed",
      "type": "aws_instance",
      "name": "kafka",
      "provider": "provider[\"registry.terraform.io/hashicorp/aws\"]",
      "instances": [
        {
          "schema_version": 1,
          "attributes": {
            "ami": "ami-053053586808c3e70",
            "arn": "arn:aws:ec2:us-east-1:066243913450:instance/i-0f0b82fa6ceda9fb5",
            "associate_public_ip_address": true,
            "availability_zone": "us-east-1c",
            "capacity_reservation_specification": [
              {
                "capacity_reservation_preference": "open",
                "capacity_reservation_target": []
              }
            ],
            "cpu_core_count": 1,
            "cpu_options": [
              {
                "amd_sev_snp": "",
                "core_count": 1,
                "threads_per_core": 1
              }
            ],
            "cpu_threads_per_core": 1,
            "credit_specification": [
              {
                "cpu_credits": "standard"
              }
            ],
            "disable_api_stop": false,
            "disable_api_termination": false,
            "ebs_block_device": [],
            "ebs_optimized": false,
            "enclave_options": [
              {
                "enabled": false
              }
            ],
            "ephemeral_block_device": [],
            "get_password_data": false,
            "hibernation": false,
            "host_id": "",
            "host_resource_group_arn": null,
            "iam_instance_profile": "",
            "id": "i-0f0b82fa6ceda9fb5",
            "instance_initiated_shutdown_behavior": "stop",
            "instance_lifecycle": "",
            "instance_market_options": [],
            "instance_state": "running",
            "instance_type": "t2.micro",
            "ipv6_address_count": 0,
            "ipv6_addresses": [],
            "key_name": "oaken-pair",
            "launch_template": [],
            "maintenance_options": [
              {
                "auto_recovery": "default"
              }
            ],
            "metadata_options": [
              {
                "http_endpoint": "enabled",
                "http_protocol_ipv6": "disabled",
                "http_put_response_hop_limit": 1,
                "http_tokens": "optional",
                "instance_metadata_tags": "disabled"
              }
            ],
            "monitoring": false,
            "network_interface": [],
            "outpost_arn": "",
            "password_data": "",
            "placement_group": "",
            "placement_partition_number": 0,
            "primary_network_interface_id": "eni-0f8af9b3a8acef0a1",
            "private_dns": "ip-172-31-92-177.ec2.internal",
            "private_dns_name_options": [
              {
                "enable_resource_name_dns_a_record": false,
                "enable_resource_name_dns_aaaa_record": false,
                "hostname_type": "ip-name"
              }
            ],
            "private_ip": "172.31.92.177",
            "public_dns": "ec2-3-82-215-172.compute-1.amazonaws.com",
            "public_ip": "3.82.215.172",
            "root_block_device": [
              {
                "delete_on_termination": true,
                "device_name": "/dev/sda1",
                "encrypted": false,
                "iops": 100,
                "kms_key_id": "",
                "tags": {},
                "tags_all": {},
                "throughput": 0,
                "volume_id": "vol-0606758afcc6a1740",
                "volume_size": 8,
                "volume_type": "gp2"
              }
            ],
            "secondary_private_ips": [],
            "security_groups": [
              "default_sg"
            ],
            "source_dest_check": true,
            "spot_instance_request_id": "",
            "subnet_id": "subnet-0d9c1d57bcaf39c97",
            "tags": {
              "Environment": "development",
              "Name": "oaken-kafka"
            },
            "tags_all": {
              "Environment": "development",
              "Name": "oaken-kafka"
            },
            "tenancy": "default",
            "timeouts": null,
            "user_data": "ea304f8c49829e4a03f4af8b0bf6ac16fb040496",
            "user_data_base64": null,
            "user_data_replace_on_change": false,
            "volume_tags": null,
            "vpc_security_group_ids": [
              "sg-09a8fc9454ae85273"
            ]
          },
          "sensitive_attributes": [],
          "private": "eyJlMmJmYjczMC1lY2FhLTExZTYtOGY4OC0zNDM2M2JjN2M0YzAiOnsiY3JlYXRlIjo2MDAwMDAwMDAwMDAsImRlbGV0ZSI6MTIwMDAwMDAwMDAwMCwicmVhZCI6OTAwMDAwMDAwMDAwLCJ1cGRhdGUiOjYwMDAwMDAwMDAwMH0sInNjaGVtYV92ZXJzaW9uIjoiMSJ9",
          "dependencies": [
            "aws_security_group.default_sg",
            "data.aws_ami.ubuntu"
          ]
        }
      ]
    },
    {
      "mode": "managed",
      "type": "aws_instance",
      "name": "shipping",
      "provider": "provider[\"registry.terraform.io/hashicorp/aws\"]",
      "instances": [
        {
          "status": "tainted",
          "schema_version": 1,
          "attributes": {
            "ami": "ami-053053586808c3e70",
            "arn": "arn:aws:ec2:us-east-1:066243913450:instance/i-086995d661ba21c86",
            "associate_public_ip_address": true,
            "availability_zone": "us-east-1c",
            "capacity_reservation_specification": [
              {
                "capacity_reservation_preference": "open",
                "capacity_reservation_target": []
              }
            ],
            "cpu_core_count": 1,
            "cpu_options": [
              {
                "amd_sev_snp": "",
                "core_count": 1,
                "threads_per_core": 1
              }
            ],
            "cpu_threads_per_core": 1,
            "credit_specification": [
              {
                "cpu_credits": "standard"
              }
            ],
            "disable_api_stop": false,
            "disable_api_termination": false,
            "ebs_block_device": [],
            "ebs_optimized": false,
            "enclave_options": [
              {
                "enabled": false
              }
            ],
            "ephemeral_block_device": [],
            "get_password_data": false,
            "hibernation": false,
            "host_id": "",
            "host_resource_group_arn": null,
            "iam_instance_profile": "",
            "id": "i-086995d661ba21c86",
            "instance_initiated_shutdown_behavior": "stop",
            "instance_lifecycle": "",
            "instance_market_options": [],
            "instance_state": "running",
            "instance_type": "t2.micro",
            "ipv6_address_count": 0,
            "ipv6_addresses": [],
            "key_name": "oaken-pair",
            "launch_template": [],
            "maintenance_options": [
              {
                "auto_recovery": "default"
              }
            ],
            "metadata_options": [
              {
                "http_endpoint": "enabled",
                "http_protocol_ipv6": "disabled",
                "http_put_response_hop_limit": 1,
                "http_tokens": "optional",
                "instance_metadata_tags": "disabled"
              }
            ],
            "monitoring": false,
            "network_interface": [],
            "outpost_arn": "",
            "password_data": "",
            "placement_group": "",
            "placement_partition_number": 0,
            "primary_network_interface_id": "eni-04c5452f7344d9d5b",
            "private_dns": "ip-172-31-86-230.ec2.internal",
            "private_dns_name_options": [
              {
                "enable_resource_name_dns_a_record": false,
                "enable_resource_name_dns_aaaa_record": false,
                "hostname_type": "ip-name"
              }
            ],
            "private_ip": "172.31.86.230",
            "public_dns": "ec2-44-203-123-178.compute-1.amazonaws.com",
            "public_ip": "44.203.123.178",
            "root_block_device": [
              {
                "delete_on_termination": true,
                "device_name": "/dev/sda1",
                "encrypted": false,
                "iops": 100,
                "kms_key_id": "",
                "tags": {},
                "tags_all": {},
                "throughput": 0,
                "volume_id": "vol-066a47c7b4a91eb91",
                "volume_size": 8,
                "volume_type": "gp2"
              }
            ],
            "secondary_private_ips": [],
            "security_groups": [
              "default_sg"
            ],
            "source_dest_check": true,
            "spot_instance_request_id": "",
            "subnet_id": "subnet-0d9c1d57bcaf39c97",
            "tags": {
              "Environment": "development",
              "Name": "oaken-shipping"
            },
            "tags_all": {
              "Environment": "development",
              "Name": "oaken-shipping"
            },
            "tenancy": "default",
            "timeouts": null,
            "user_data": "7408d0194bf0a6ab2fdf02105799f47c85479383",
            "user_data_base64": null,
            "user_data_replace_on_change": false,
            "volume_tags": null,
            "vpc_security_group_ids": [
              "sg-09a8fc9454ae85273"
            ]
          },
          "sensitive_attributes": [],
          "private": "eyJlMmJmYjczMC1lY2FhLTExZTYtOGY4OC0zNDM2M2JjN2M0YzAiOnsiY3JlYXRlIjo2MDAwMDAwMDAwMDAsImRlbGV0ZSI6MTIwMDAwMDAwMDAwMCwicmVhZCI6OTAwMDAwMDAwMDAwLCJ1cGRhdGUiOjYwMDAwMDAwMDAwMH0sInNjaGVtYV92ZXJzaW9uIjoiMSJ9",
          "dependencies": [
            "aws_security_group.default_sg",
            "data.aws_ami.ubuntu",
            "tls_private_key.oaken-key"
          ]
        }
      ]
    },
    {
      "mode": "managed",
      "type": "aws_key_pair",
      "name": "oaken_pair",
      "provider": "provider[\"registry.terraform.io/hashicorp/aws\"]",
      "instances": [
        {
          "schema_version": 1,
          "attributes": {
            "arn": "arn:aws:ec2:us-east-1:066243913450:key-pair/oaken-pair",
            "fingerprint": "9b:e7:ed:00:1d:38:02:9d:f2:47:5e:aa:27:0c:2e:87",
            "id": "oaken-pair",
            "key_name": "oaken-pair",
            "key_name_prefix": "",
            "key_pair_id": "key-0b004a4ac9c456e21",
            "key_type": "rsa",
            "public_key": "ssh-rsa AAAAB3NzaC1yc2EAAAADAQABAAAAgQC5qJI8sy2LUD4iUuJ9YHqna7ellPX2/UHHbLpvKjMSClABc7s0ukx8rMbHzg8oNJh1ThVNHx8fGvTmyTCLO9Wpl0YNlC0yCzz0XBfZTTEJXNEZfNVhWn+s41pzJN6LDuPAse3BwVL03lxm/wUbI65QMMvYGR/zu7KDhEeCAPsktw==",
            "tags": {},
            "tags_all": {}
          },
          "sensitive_attributes": [],
          "private": "eyJzY2hlbWFfdmVyc2lvbiI6IjEifQ==",
          "dependencies": [
            "tls_private_key.oaken-key"
          ]
        }
      ]
    },
    {
      "mode": "managed",
      "type": "aws_security_group",
      "name": "default_sg",
      "provider": "provider[\"registry.terraform.io/hashicorp/aws\"]",
      "instances": [
        {
          "schema_version": 1,
          "attributes": {
            "arn": "arn:aws:ec2:us-east-1:066243913450:security-group/sg-09a8fc9454ae85273",
            "description": "Default security group",
            "egress": [
              {
                "cidr_blocks": [
                  "0.0.0.0/0"
                ],
                "description": "Allow outbound traffic",
                "from_port": 0,
                "ipv6_cidr_blocks": [],
                "prefix_list_ids": [],
                "protocol": "-1",
                "security_groups": [],
                "self": false,
                "to_port": 0
              }
            ],
            "id": "sg-09a8fc9454ae85273",
            "ingress": [
              {
                "cidr_blocks": [
                  "98.25.41.64/32"
                ],
                "description": "Allow SSH",
                "from_port": 22,
                "ipv6_cidr_blocks": [],
                "prefix_list_ids": [],
                "protocol": "tcp",
                "security_groups": [],
                "self": false,
                "to_port": 22
              }
            ],
            "name": "default_sg",
            "name_prefix": "",
            "owner_id": "066243913450",
            "revoke_rules_on_delete": false,
            "tags": {},
            "tags_all": {},
            "timeouts": null,
            "vpc_id": "vpc-01143e46a42d47d4e"
          },
          "sensitive_attributes": [],
          "private": "eyJlMmJmYjczMC1lY2FhLTExZTYtOGY4OC0zNDM2M2JjN2M0YzAiOnsiY3JlYXRlIjo2MDAwMDAwMDAwMDAsImRlbGV0ZSI6OTAwMDAwMDAwMDAwfSwic2NoZW1hX3ZlcnNpb24iOiIxIn0="
        }
      ]
    },
    {
      "mode": "managed",
      "type": "aws_security_group",
      "name": "rds_sg",
      "provider": "provider[\"registry.terraform.io/hashicorp/aws\"]",
      "instances": [
        {
          "schema_version": 1,
          "attributes": {
            "arn": "arn:aws:ec2:us-east-1:066243913450:security-group/sg-0bbb5cc9b9915072e",
            "description": "RDS security group",
            "egress": [],
            "id": "sg-0bbb5cc9b9915072e",
            "ingress": [
              {
                "cidr_blocks": [],
                "description": "Allow inbound MySQL connections",
                "from_port": 3306,
                "ipv6_cidr_blocks": [],
                "prefix_list_ids": [],
                "protocol": "tcp",
                "security_groups": [
                  "sg-09a8fc9454ae85273"
                ],
                "self": false,
                "to_port": 3306
              }
            ],
            "name": "rds_sg",
            "name_prefix": "",
            "owner_id": "066243913450",
            "revoke_rules_on_delete": false,
            "tags": {},
            "tags_all": {},
            "timeouts": null,
            "vpc_id": "vpc-01143e46a42d47d4e"
          },
          "sensitive_attributes": [],
          "private": "eyJlMmJmYjczMC1lY2FhLTExZTYtOGY4OC0zNDM2M2JjN2M0YzAiOnsiY3JlYXRlIjo2MDAwMDAwMDAwMDAsImRlbGV0ZSI6OTAwMDAwMDAwMDAwfSwic2NoZW1hX3ZlcnNpb24iOiIxIn0="
        }
      ]
    },
    {
      "mode": "managed",
      "type": "aws_security_group_rule",
      "name": "allow_all_out",
      "provider": "provider[\"registry.terraform.io/hashicorp/aws\"]",
      "instances": [
        {
          "schema_version": 2,
          "attributes": {
            "cidr_blocks": [
              "0.0.0.0/0"
            ],
            "description": "Allow outbound traffic",
            "from_port": 0,
            "id": "sgrule-750067469",
            "ipv6_cidr_blocks": null,
            "prefix_list_ids": null,
            "protocol": "-1",
            "security_group_id": "sg-09a8fc9454ae85273",
            "security_group_rule_id": "sgr-0f3b1b63890707ea9",
            "self": false,
            "source_security_group_id": null,
            "timeouts": null,
            "to_port": 0,
            "type": "egress"
          },
          "sensitive_attributes": [],
          "private": "eyJlMmJmYjczMC1lY2FhLTExZTYtOGY4OC0zNDM2M2JjN2M0YzAiOnsiY3JlYXRlIjozMDAwMDAwMDAwMDB9LCJzY2hlbWFfdmVyc2lvbiI6IjIifQ==",
          "dependencies": [
            "aws_security_group.default_sg"
          ]
        }
      ]
    },
    {
      "mode": "managed",
      "type": "aws_security_group_rule",
      "name": "allow_from_instances",
      "provider": "provider[\"registry.terraform.io/hashicorp/aws\"]",
      "instances": [
        {
          "schema_version": 2,
          "attributes": {
            "cidr_blocks": null,
            "description": "Allow access to port 9092 from instances within the VPC",
            "from_port": 9092,
            "id": "sgrule-2079033269",
            "ipv6_cidr_blocks": null,
            "prefix_list_ids": null,
            "protocol": "tcp",
            "security_group_id": "sg-09a8fc9454ae85273",
            "security_group_rule_id": "sgr-0afc04d93e3d5f1f4",
            "self": false,
            "source_security_group_id": "sg-09a8fc9454ae85273",
            "timeouts": null,
            "to_port": 9092,
            "type": "ingress"
          },
          "sensitive_attributes": [],
          "private": "eyJlMmJmYjczMC1lY2FhLTExZTYtOGY4OC0zNDM2M2JjN2M0YzAiOnsiY3JlYXRlIjozMDAwMDAwMDAwMDB9LCJzY2hlbWFfdmVyc2lvbiI6IjIifQ==",
          "dependencies": [
            "aws_security_group.default_sg"
          ]
        }
      ]
    },
    {
      "mode": "managed",
      "type": "aws_security_group_rule",
      "name": "allow_mysql_in",
      "provider": "provider[\"registry.terraform.io/hashicorp/aws\"]",
      "instances": [
        {
          "schema_version": 2,
          "attributes": {
            "cidr_blocks": null,
            "description": "Allow inbound MySQL connections",
            "from_port": 3306,
            "id": "sgrule-106492125",
            "ipv6_cidr_blocks": null,
            "prefix_list_ids": null,
            "protocol": "tcp",
            "security_group_id": "sg-0bbb5cc9b9915072e",
            "security_group_rule_id": "sgr-069e7800d59a63fae",
            "self": false,
            "source_security_group_id": "sg-09a8fc9454ae85273",
            "timeouts": null,
            "to_port": 3306,
            "type": "ingress"
          },
          "sensitive_attributes": [],
          "private": "eyJlMmJmYjczMC1lY2FhLTExZTYtOGY4OC0zNDM2M2JjN2M0YzAiOnsiY3JlYXRlIjozMDAwMDAwMDAwMDB9LCJzY2hlbWFfdmVyc2lvbiI6IjIifQ==",
          "dependencies": [
            "aws_security_group.default_sg",
            "aws_security_group.rds_sg"
          ]
        }
      ]
    },
    {
      "mode": "managed",
      "type": "aws_security_group_rule",
      "name": "allow_ssh_in",
      "provider": "provider[\"registry.terraform.io/hashicorp/aws\"]",
      "instances": [
        {
          "schema_version": 2,
          "attributes": {
            "cidr_blocks": [
              "98.25.41.64/32"
            ],
            "description": "Allow SSH",
            "from_port": 22,
            "id": "sgrule-194844237",
            "ipv6_cidr_blocks": null,
            "prefix_list_ids": null,
            "protocol": "tcp",
            "security_group_id": "sg-09a8fc9454ae85273",
            "security_group_rule_id": "sgr-0f2ddd1f8487c3b72",
            "self": false,
            "source_security_group_id": null,
            "timeouts": null,
            "to_port": 22,
            "type": "ingress"
          },
          "sensitive_attributes": [],
          "private": "eyJlMmJmYjczMC1lY2FhLTExZTYtOGY4OC0zNDM2M2JjN2M0YzAiOnsiY3JlYXRlIjozMDAwMDAwMDAwMDB9LCJzY2hlbWFfdmVyc2lvbiI6IjIifQ==",
          "dependencies": [
            "aws_security_group.default_sg"
          ]
        }
      ]
    },
    {
      "mode": "managed",
      "type": "aws_security_group_rule",
      "name": "kafka_rule",
      "provider": "provider[\"registry.terraform.io/hashicorp/aws\"]",
      "instances": [
        {
          "schema_version": 2,
          "attributes": {
            "cidr_blocks": [
              "98.25.41.64/32"
            ],
            "description": "kafka_rule",
            "from_port": 9092,
            "id": "sgrule-2010701333",
            "ipv6_cidr_blocks": null,
            "prefix_list_ids": null,
            "protocol": "tcp",
            "security_group_id": "sg-09a8fc9454ae85273",
            "security_group_rule_id": "sgr-04ed4d1026e2df21f",
            "self": false,
            "source_security_group_id": null,
            "timeouts": null,
            "to_port": 9092,
            "type": "ingress"
          },
          "sensitive_attributes": [],
          "private": "eyJlMmJmYjczMC1lY2FhLTExZTYtOGY4OC0zNDM2M2JjN2M0YzAiOnsiY3JlYXRlIjozMDAwMDAwMDAwMDB9LCJzY2hlbWFfdmVyc2lvbiI6IjIifQ==",
          "dependencies": [
            "aws_security_group.default_sg"
          ]
        }
      ]
    },
    {
      "mode": "managed",
      "type": "tls_private_key",
      "name": "oaken-key",
      "provider": "provider[\"registry.terraform.io/hashicorp/tls\"]",
      "instances": [
        {
          "schema_version": 1,
          "attributes": {
            "algorithm": "RSA",
            "ecdsa_curve": "P224",
            "id": "8f1d09efc2dfc3911449be6a72c5296ae5723a60",
            "private_key_openssh": "-----BEGIN OPENSSH PRIVATE KEY-----\nb3BlbnNzaC1rZXktdjEAAAAABG5vbmUAAAAEbm9uZQAAAAAAAAABAAAAlwAAAAdz\nc2gtcnNhAAAAAwEAAQAAAIEAuaiSPLMti1A+IlLifWB6p2u3pZT19v1Bx2y6byoz\nEgpQAXO7NLpMfKzGx84PKDSYdU4VTR8fHxr05skwizvVqZdGDZQtMgs89FwX2U0x\nCVzRGXzVYVp/rONacyTeiw7jwLHtwcFS9N5cZv8FGyOuUDDL2Bkf87uyg4RHggD7\nJLcAAAH45A1WpOQNVqQAAAAHc3NoLXJzYQAAAIEAuaiSPLMti1A+IlLifWB6p2u3\npZT19v1Bx2y6byozEgpQAXO7NLpMfKzGx84PKDSYdU4VTR8fHxr05skwizvVqZdG\nDZQtMgs89FwX2U0xCVzRGXzVYVp/rONacyTeiw7jwLHtwcFS9N5cZv8FGyOuUDDL\n2Bkf87uyg4RHggD7JLcAAAADAQABAAAAgD1YlRGXhwoMdqtyxcH12jFt513ALdHx\n9wVFSQkoYX2piKwiKI6QrGtZz8j/roRzdJj2NxWnnenyR0/m1LJ9D+kMk2fBmgxo\n06ftDjF0ZnKlcqsEr4WKj/e3fiJG0EdlnJc+UCfN/8ZfsNIR+sMUoX4W8UaSmL5h\n2VPzUI2CLVGZAAAAQCAATESDsqvXBuco+9aR088cyDrggyO2bIojCMUNrBhJf2Kl\nPq6gx/bu6tg2KOOHQSc2yLk854EGOOvZhqXX/2sAAABBAOKko58lJLDjfIdUz305\nGQP0GWl+IhwqLXwkF3kX/VNeB+o75W+GFu0GtluiXprCfzIC4MdahxKvh0cQQml1\npIsAAABBANG0527hayXuWqiPFmhH9bEY3DE+UvkWhRiHTek9/H3lTWd8Ef0LFJbT\nOl0tpO8aAdx5VyvzHaL5Y2920Oh0igUAAAAAAQID\n-----END OPENSSH PRIVATE KEY-----\n",
            "private_key_pem": "-----BEGIN RSA PRIVATE KEY-----\nMIICWwIBAAKBgQC5qJI8sy2LUD4iUuJ9YHqna7ellPX2/UHHbLpvKjMSClABc7s0\nukx8rMbHzg8oNJh1ThVNHx8fGvTmyTCLO9Wpl0YNlC0yCzz0XBfZTTEJXNEZfNVh\nWn+s41pzJN6LDuPAse3BwVL03lxm/wUbI65QMMvYGR/zu7KDhEeCAPsktwIDAQAB\nAoGAPViVEZeHCgx2q3LFwfXaMW3nXcAt0fH3BUVJCShhfamIrCIojpCsa1nPyP+u\nhHN0mPY3Faed6fJHT+bUsn0P6QyTZ8GaDGjTp+0OMXRmcqVyqwSvhYqP97d+IkbQ\nR2Wclz5QJ83/xl+w0hH6wxShfhbxRpKYvmHZU/NQjYItUZkCQQDipKOfJSSw43yH\nVM99ORkD9BlpfiIcKi18JBd5F/1TXgfqO+VvhhbtBrZbol6awn8yAuDHWocSr4dH\nEEJpdaSLAkEA0bTnbuFrJe5aqI8WaEf1sRjcMT5S+RaFGIdN6T38feVNZ3wR/QsU\nltM6XS2k7xoB3HlXK/Mdovljb3bQ6HSKBQJANM3RBVIdE01dBRbAZNd5uY8UoJxv\njApToJm0ElWBgvvkcjFUSkB+dOjcccsJqZrpEZjUD/5KfBMDPI5QOsva8wJAQzzi\nu52RMl9DOCpwv8zazQawiyV1iyIaWKwBYhia3W7pK5YPWnf0CQv++aNJ79QB5sQN\nHC1eQkP+Ct4oy2+aVQJAIABMRIOyq9cG5yj71pHTzxzIOuCDI7ZsiiMIxQ2sGEl/\nYqU+rqDH9u7q2DYo44dBJzbIuTzngQY469mGpdf/aw==\n-----END RSA PRIVATE KEY-----\n",
            "private_key_pem_pkcs8": "-----BEGIN PRIVATE KEY-----\nMIICdQIBADANBgkqhkiG9w0BAQEFAASCAl8wggJbAgEAAoGBALmokjyzLYtQPiJS\n4n1geqdrt6WU9fb9Qcdsum8qMxIKUAFzuzS6THysxsfODyg0mHVOFU0fHx8a9ObJ\nMIs71amXRg2ULTILPPRcF9lNMQlc0Rl81WFaf6zjWnMk3osO48Cx7cHBUvTeXGb/\nBRsjrlAwy9gZH/O7soOER4IA+yS3AgMBAAECgYA9WJURl4cKDHarcsXB9doxbedd\nwC3R8fcFRUkJKGF9qYisIiiOkKxrWc/I/66Ec3SY9jcVp53p8kdP5tSyfQ/pDJNn\nwZoMaNOn7Q4xdGZypXKrBK+Fio/3t34iRtBHZZyXPlAnzf/GX7DSEfrDFKF+FvFG\nkpi+YdlT81CNgi1RmQJBAOKko58lJLDjfIdUz305GQP0GWl+IhwqLXwkF3kX/VNe\nB+o75W+GFu0GtluiXprCfzIC4MdahxKvh0cQQml1pIsCQQDRtOdu4Wsl7lqojxZo\nR/WxGNwxPlL5FoUYh03pPfx95U1nfBH9CxSW0zpdLaTvGgHceVcr8x2i+WNvdtDo\ndIoFAkA0zdEFUh0TTV0FFsBk13m5jxSgnG+MClOgmbQSVYGC++RyMVRKQH506Nxx\nywmpmukRmNQP/kp8EwM8jlA6y9rzAkBDPOK7nZEyX0M4KnC/zNrNBrCLJXWLIhpY\nrAFiGJrdbukrlg9ad/QJC/75o0nv1AHmxA0cLV5CQ/4K3ijLb5pVAkAgAExEg7Kr\n1wbnKPvWkdPPHMg64IMjtmyKIwjFDawYSX9ipT6uoMf27urYNijjh0EnNsi5POeB\nBjjr2Yal1/9r\n-----END PRIVATE KEY-----\n",
            "public_key_fingerprint_md5": "06:e9:b0:28:5b:aa:95:61:ad:3e:82:06:65:d7:06:fa",
            "public_key_fingerprint_sha256": "SHA256:14wqrV/taLY/571XNU44RiBpg4YNn2nkT7hpBMm/zqQ",
            "public_key_openssh": "ssh-rsa AAAAB3NzaC1yc2EAAAADAQABAAAAgQC5qJI8sy2LUD4iUuJ9YHqna7ellPX2/UHHbLpvKjMSClABc7s0ukx8rMbHzg8oNJh1ThVNHx8fGvTmyTCLO9Wpl0YNlC0yCzz0XBfZTTEJXNEZfNVhWn+s41pzJN6LDuPAse3BwVL03lxm/wUbI65QMMvYGR/zu7KDhEeCAPsktw==\n",
            "public_key_pem": "-----BEGIN PUBLIC KEY-----\nMIGfMA0GCSqGSIb3DQEBAQUAA4GNADCBiQKBgQC5qJI8sy2LUD4iUuJ9YHqna7el\nlPX2/UHHbLpvKjMSClABc7s0ukx8rMbHzg8oNJh1ThVNHx8fGvTmyTCLO9Wpl0YN\nlC0yCzz0XBfZTTEJXNEZfNVhWn+s41pzJN6LDuPAse3BwVL03lxm/wUbI65QMMvY\nGR/zu7KDhEeCAPsktwIDAQAB\n-----END PUBLIC KEY-----\n",
            "rsa_bits": 1024
          },
          "sensitive_attributes": []
        }
      ]
    }
  ],
  "check_results": null
}
